
Microsoft Visual Studio Solution File, Format Version 12.00
# Visual Studio Version 16
VisualStudioVersion = 25.0.1706.11
MinimumVisualStudioVersion = 10.0.40219.1
Project("{FAE04EC0-301F-11D3-BF4B-00C04F79EFBC}") = "Assignment1-10945544", "Assignment1-10945544\Assignment1-10945544.csproj", "{6889329B-053D-4D21-AAA2-73FB61C727E0}"
EndProject
Global
	GlobalSection(SolutionConfigurationPlatforms) = preSolution
		Debug|Any CPU = Debug|Any CPU
		Release|Any CPU = Release|Any CPU
	EndGlobalSection
	GlobalSection(ProjectConfigurationPlatforms) = postSolution
		{6889329B-053D-4D21-AAA2-73FB61C727E0}.Debug|Any CPU.ActiveCfg = Debug|Any CPU
		{6889329B-053D-4D21-AAA2-73FB61C727E0}.Debug|Any CPU.Build.0 = Debug|Any CPU
		{6889329B-053D-4D21-AAA2-73FB61C727E0}.Release|Any CPU.ActiveCfg = Release|Any CPU
		{6889329B-053D-4D21-AAA2-73FB61C727E0}.Release|Any CPU.Build.0 = Release|Any CPU
	EndGlobalSection
	GlobalSection(SolutionProperties) = preSolution
		HideSolutionNode = FALSE
	EndGlobalSection
	GlobalSection(ExtensibilityGlobals) = postSolution
		SolutionGuid = {221DF6C0-AB81-464E-8DA4-AA478B31FE8F}
	EndGlobalSection
EndGlobal
